
Microsoft Visual Studio Solution File, Format Version 12.00
# Visual Studio 16
Project("{FAE04EC0-301F-11D3-BF4B-00C04F79EFBC}") = "Assembly-CSharp", "Assembly-CSharp.csproj", "{4B1EBE82-1A28-7C29-2781-7AEE91DBA3B2}"
EndProject
Project("{FAE04EC0-301F-11D3-BF4B-00C04F79EFBC}") = "Assembly-CSharp-firstpass", "Assembly-CSharp-firstpass.csproj", "{960535C5-0B5B-20F5-D95A-D9CF1F802B34}"
EndProject
Project("{FAE04EC0-301F-11D3-BF4B-00C04F79EFBC}") = "Assembly-CSharp-Editor-firstpass", "Assembly-CSharp-Editor-firstpass.csproj", "{DB191010-ECFE-B76B-4C86-1240D4BA7A71}"
EndProject
Global
	GlobalSection(SolutionConfigurationPlatforms) = preSolution
		Debug|Any CPU = Debug|Any CPU
		Release|Any CPU = Release|Any CPU
	EndGlobalSection
	GlobalSection(ProjectConfigurationPlatforms) = postSolution
		{4B1EBE82-1A28-7C29-2781-7AEE91DBA3B2}.Debug|Any CPU.ActiveCfg = Debug|Any CPU
		{4B1EBE82-1A28-7C29-2781-7AEE91DBA3B2}.Debug|Any CPU.Build.0 = Debug|Any CPU
		{4B1EBE82-1A28-7C29-2781-7AEE91DBA3B2}.Release|Any CPU.ActiveCfg = Release|Any CPU
		{4B1EBE82-1A28-7C29-2781-7AEE91DBA3B2}.Release|Any CPU.Build.0 = Release|Any CPU
		{960535C5-0B5B-20F5-D95A-D9CF1F802B34}.Debug|Any CPU.ActiveCfg = Debug|Any CPU
		{960535C5-0B5B-20F5-D95A-D9CF1F802B34}.Debug|Any CPU.Build.0 = Debug|Any CPU
		{960535C5-0B5B-20F5-D95A-D9CF1F802B34}.Release|Any CPU.ActiveCfg = Release|Any CPU
		{960535C5-0B5B-20F5-D95A-D9CF1F802B34}.Release|Any CPU.Build.0 = Release|Any CPU
		{DB191010-ECFE-B76B-4C86-1240D4BA7A71}.Debug|Any CPU.ActiveCfg = Debug|Any CPU
		{DB191010-ECFE-B76B-4C86-1240D4BA7A71}.Debug|Any CPU.Build.0 = Debug|Any CPU
		{DB191010-ECFE-B76B-4C86-1240D4BA7A71}.Release|Any CPU.ActiveCfg = Release|Any CPU
		{DB191010-ECFE-B76B-4C86-1240D4BA7A71}.Release|Any CPU.Build.0 = Release|Any CPU
	EndGlobalSection
	GlobalSection(SolutionProperties) = preSolution
		HideSolutionNode = FALSE
	EndGlobalSection
EndGlobal
